
Microsoft Visual Studio Solution File, Format Version 12.00
# Visual Studio 15
VisualStudioVersion = 15.0.26430.13
MinimumVisualStudioVersion = 10.0.40219.1
Project("{2150E333-8FDC-42A3-9474-1A3956D46DE8}") = "Solution Items", "Solution Items", "{4D30DF85-5F0D-407A-AC4B-6EA934A20F7F}"
	ProjectSection(SolutionItems) = preProject
		AMG.vsmdi = AMG.vsmdi
		Local.testsettings = Local.testsettings
		TraceAndTestImpact.testsettings = TraceAndTestImpact.testsettings
	EndProjectSection
EndProject
Project("{FAE04EC0-301F-11D3-BF4B-00C04F79EFBC}") = "GraphicsSandbox", "GraphicsSandbox\GraphicsSandbox.csproj", "{0BE30E76-CA70-4E73-920A-351EA91807AB}"
EndProject
Project("{FAE04EC0-301F-11D3-BF4B-00C04F79EFBC}") = "AMG.Physics", "AMG.Physics\AMG.Physics.csproj", "{5B49724E-DEF9-4F7D-883D-AFA9B8D847F2}"
EndProject
Project("{FAE04EC0-301F-11D3-BF4B-00C04F79EFBC}") = "AMG.Physics.Test", "AMG.Physics.Test\AMG.Physics.Test.csproj", "{E6463AB2-C3C9-45E6-86FB-0BF1D29A0A31}"
EndProject
Project("{F2A71F9B-5D33-465A-A702-920D77279786}") = "AMG.FySics", "AMG.FySics\AMG.FySics.fsproj", "{03115AE7-850C-461F-8977-A81893B48B63}"
EndProject
Project("{F2A71F9B-5D33-465A-A702-920D77279786}") = "AMG.FySics.Test", "AMG.FySics.Test\AMG.FySics.Test.fsproj", "{9C85D7CE-AAC4-4DCD-94C6-E11EA4677B50}"
EndProject
Project("{F2A71F9B-5D33-465A-A702-920D77279786}") = "AMG.Mafs", "AMG.Mafs\AMG.Mafs.fsproj", "{E81BA54A-0D45-4670-9EAE-A239D45C6B34}"
EndProject
Project("{FAE04EC0-301F-11D3-BF4B-00C04F79EFBC}") = "AppleBruteForce", "AppleBruteForce\AppleBruteForce.csproj", "{AA589531-A5E5-4953-ABA8-1E023695333D}"
EndProject
Project("{FAE04EC0-301F-11D3-BF4B-00C04F79EFBC}") = "TestAppleBruteForce", "TestAppleBruteForve\TestAppleBruteForce.csproj", "{A2244DCB-39D0-4832-92C5-C2933475A2CA}"
EndProject
Global
	GlobalSection(SolutionConfigurationPlatforms) = preSolution
		Debug|Any CPU = Debug|Any CPU
		Debug|Mixed Platforms = Debug|Mixed Platforms
		Debug|x86 = Debug|x86
		Release|Any CPU = Release|Any CPU
		Release|Mixed Platforms = Release|Mixed Platforms
		Release|x86 = Release|x86
	EndGlobalSection
	GlobalSection(ProjectConfigurationPlatforms) = postSolution
		{0BE30E76-CA70-4E73-920A-351EA91807AB}.Debug|Any CPU.ActiveCfg = Debug|Any CPU
		{0BE30E76-CA70-4E73-920A-351EA91807AB}.Debug|Any CPU.Build.0 = Debug|Any CPU
		{0BE30E76-CA70-4E73-920A-351EA91807AB}.Debug|Mixed Platforms.ActiveCfg = Debug|Any CPU
		{0BE30E76-CA70-4E73-920A-351EA91807AB}.Debug|Mixed Platforms.Build.0 = Debug|Any CPU
		{0BE30E76-CA70-4E73-920A-351EA91807AB}.Debug|x86.ActiveCfg = Debug|Any CPU
		{0BE30E76-CA70-4E73-920A-351EA91807AB}.Release|Any CPU.ActiveCfg = Release|Any CPU
		{0BE30E76-CA70-4E73-920A-351EA91807AB}.Release|Any CPU.Build.0 = Release|Any CPU
		{0BE30E76-CA70-4E73-920A-351EA91807AB}.Release|Mixed Platforms.ActiveCfg = Release|Any CPU
		{0BE30E76-CA70-4E73-920A-351EA91807AB}.Release|Mixed Platforms.Build.0 = Release|Any CPU
		{0BE30E76-CA70-4E73-920A-351EA91807AB}.Release|x86.ActiveCfg = Release|Any CPU
		{5B49724E-DEF9-4F7D-883D-AFA9B8D847F2}.Debug|Any CPU.ActiveCfg = Debug|Any CPU
		{5B49724E-DEF9-4F7D-883D-AFA9B8D847F2}.Debug|Any CPU.Build.0 = Debug|Any CPU
		{5B49724E-DEF9-4F7D-883D-AFA9B8D847F2}.Debug|Mixed Platforms.ActiveCfg = Debug|Any CPU
		{5B49724E-DEF9-4F7D-883D-AFA9B8D847F2}.Debug|Mixed Platforms.Build.0 = Debug|Any CPU
		{5B49724E-DEF9-4F7D-883D-AFA9B8D847F2}.Debug|x86.ActiveCfg = Debug|Any CPU
		{5B49724E-DEF9-4F7D-883D-AFA9B8D847F2}.Release|Any CPU.ActiveCfg = Release|Any CPU
		{5B49724E-DEF9-4F7D-883D-AFA9B8D847F2}.Release|Any CPU.Build.0 = Release|Any CPU
		{5B49724E-DEF9-4F7D-883D-AFA9B8D847F2}.Release|Mixed Platforms.ActiveCfg = Release|Any CPU
		{5B49724E-DEF9-4F7D-883D-AFA9B8D847F2}.Release|Mixed Platforms.Build.0 = Release|Any CPU
		{5B49724E-DEF9-4F7D-883D-AFA9B8D847F2}.Release|x86.ActiveCfg = Release|Any CPU
		{E6463AB2-C3C9-45E6-86FB-0BF1D29A0A31}.Debug|Any CPU.ActiveCfg = Debug|Any CPU
		{E6463AB2-C3C9-45E6-86FB-0BF1D29A0A31}.Debug|Any CPU.Build.0 = Debug|Any CPU
		{E6463AB2-C3C9-45E6-86FB-0BF1D29A0A31}.Debug|Mixed Platforms.ActiveCfg = Debug|Any CPU
		{E6463AB2-C3C9-45E6-86FB-0BF1D29A0A31}.Debug|Mixed Platforms.Build.0 = Debug|Any CPU
		{E6463AB2-C3C9-45E6-86FB-0BF1D29A0A31}.Debug|x86.ActiveCfg = Debug|Any CPU
		{E6463AB2-C3C9-45E6-86FB-0BF1D29A0A31}.Debug|x86.Build.0 = Debug|Any CPU
		{E6463AB2-C3C9-45E6-86FB-0BF1D29A0A31}.Release|Any CPU.ActiveCfg = Release|Any CPU
		{E6463AB2-C3C9-45E6-86FB-0BF1D29A0A31}.Release|Any CPU.Build.0 = Release|Any CPU
		{E6463AB2-C3C9-45E6-86FB-0BF1D29A0A31}.Release|Mixed Platforms.ActiveCfg = Release|Any CPU
		{E6463AB2-C3C9-45E6-86FB-0BF1D29A0A31}.Release|Mixed Platforms.Build.0 = Release|Any CPU
		{E6463AB2-C3C9-45E6-86FB-0BF1D29A0A31}.Release|x86.ActiveCfg = Release|Any CPU
		{E6463AB2-C3C9-45E6-86FB-0BF1D29A0A31}.Release|x86.Build.0 = Release|Any CPU
		{03115AE7-850C-461F-8977-A81893B48B63}.Debug|Any CPU.ActiveCfg = Debug|Any CPU
		{03115AE7-850C-461F-8977-A81893B48B63}.Debug|Any CPU.Build.0 = Debug|Any CPU
		{03115AE7-850C-461F-8977-A81893B48B63}.Debug|Mixed Platforms.ActiveCfg = Debug|Any CPU
		{03115AE7-850C-461F-8977-A81893B48B63}.Debug|Mixed Platforms.Build.0 = Debug|Any CPU
		{03115AE7-850C-461F-8977-A81893B48B63}.Debug|x86.ActiveCfg = Debug|Any CPU
		{03115AE7-850C-461F-8977-A81893B48B63}.Release|Any CPU.ActiveCfg = Release|Any CPU
		{03115AE7-850C-461F-8977-A81893B48B63}.Release|Any CPU.Build.0 = Release|Any CPU
		{03115AE7-850C-461F-8977-A81893B48B63}.Release|Mixed Platforms.ActiveCfg = Release|Any CPU
		{03115AE7-850C-461F-8977-A81893B48B63}.Release|Mixed Platforms.Build.0 = Release|Any CPU
		{03115AE7-850C-461F-8977-A81893B48B63}.Release|x86.ActiveCfg = Release|Any CPU
		{9C85D7CE-AAC4-4DCD-94C6-E11EA4677B50}.Debug|Any CPU.ActiveCfg = Debug|Any CPU
		{9C85D7CE-AAC4-4DCD-94C6-E11EA4677B50}.Debug|Any CPU.Build.0 = Debug|Any CPU
		{9C85D7CE-AAC4-4DCD-94C6-E11EA4677B50}.Debug|Mixed Platforms.ActiveCfg = Debug|Any CPU
		{9C85D7CE-AAC4-4DCD-94C6-E11EA4677B50}.Debug|Mixed Platforms.Build.0 = Debug|Any CPU
		{9C85D7CE-AAC4-4DCD-94C6-E11EA4677B50}.Debug|x86.ActiveCfg = Debug|Any CPU
		{9C85D7CE-AAC4-4DCD-94C6-E11EA4677B50}.Debug|x86.Build.0 = Debug|Any CPU
		{9C85D7CE-AAC4-4DCD-94C6-E11EA4677B50}.Release|Any CPU.ActiveCfg = Release|Any CPU
		{9C85D7CE-AAC4-4DCD-94C6-E11EA4677B50}.Release|Any CPU.Build.0 = Release|Any CPU
		{9C85D7CE-AAC4-4DCD-94C6-E11EA4677B50}.Release|Mixed Platforms.ActiveCfg = Release|Any CPU
		{9C85D7CE-AAC4-4DCD-94C6-E11EA4677B50}.Release|Mixed Platforms.Build.0 = Release|Any CPU
		{9C85D7CE-AAC4-4DCD-94C6-E11EA4677B50}.Release|x86.ActiveCfg = Release|Any CPU
		{9C85D7CE-AAC4-4DCD-94C6-E11EA4677B50}.Release|x86.Build.0 = Release|Any CPU
		{E81BA54A-0D45-4670-9EAE-A239D45C6B34}.Debug|Any CPU.ActiveCfg = Debug|Any CPU
		{E81BA54A-0D45-4670-9EAE-A239D45C6B34}.Debug|Any CPU.Build.0 = Debug|Any CPU
		{E81BA54A-0D45-4670-9EAE-A239D45C6B34}.Debug|Mixed Platforms.ActiveCfg = Debug|Any CPU
		{E81BA54A-0D45-4670-9EAE-A239D45C6B34}.Debug|Mixed Platforms.Build.0 = Debug|Any CPU
		{E81BA54A-0D45-4670-9EAE-A239D45C6B34}.Debug|x86.ActiveCfg = Debug|Any CPU
		{E81BA54A-0D45-4670-9EAE-A239D45C6B34}.Debug|x86.Build.0 = Debug|Any CPU
		{E81BA54A-0D45-4670-9EAE-A239D45C6B34}.Release|Any CPU.ActiveCfg = Release|Any CPU
		{E81BA54A-0D45-4670-9EAE-A239D45C6B34}.Release|Any CPU.Build.0 = Release|Any CPU
		{E81BA54A-0D45-4670-9EAE-A239D45C6B34}.Release|Mixed Platforms.ActiveCfg = Release|Any CPU
		{E81BA54A-0D45-4670-9EAE-A239D45C6B34}.Release|Mixed Platforms.Build.0 = Release|Any CPU
		{E81BA54A-0D45-4670-9EAE-A239D45C6B34}.Release|x86.ActiveCfg = Release|Any CPU
		{E81BA54A-0D45-4670-9EAE-A239D45C6B34}.Release|x86.Build.0 = Release|Any CPU
		{AA589531-A5E5-4953-ABA8-1E023695333D}.Debug|Any CPU.ActiveCfg = Debug|Any CPU
		{AA589531-A5E5-4953-ABA8-1E023695333D}.Debug|Any CPU.Build.0 = Debug|Any CPU
		{AA589531-A5E5-4953-ABA8-1E023695333D}.Debug|Mixed Platforms.ActiveCfg = Debug|Any CPU
		{AA589531-A5E5-4953-ABA8-1E023695333D}.Debug|Mixed Platforms.Build.0 = Debug|Any CPU
		{AA589531-A5E5-4953-ABA8-1E023695333D}.Debug|x86.ActiveCfg = Debug|Any CPU
		{AA589531-A5E5-4953-ABA8-1E023695333D}.Debug|x86.Build.0 = Debug|Any CPU
		{AA589531-A5E5-4953-ABA8-1E023695333D}.Release|Any CPU.ActiveCfg = Release|Any CPU
		{AA589531-A5E5-4953-ABA8-1E023695333D}.Release|Any CPU.Build.0 = Release|Any CPU
		{AA589531-A5E5-4953-ABA8-1E023695333D}.Release|Mixed Platforms.ActiveCfg = Release|Any CPU
		{AA589531-A5E5-4953-ABA8-1E023695333D}.Release|Mixed Platforms.Build.0 = Release|Any CPU
		{AA589531-A5E5-4953-ABA8-1E023695333D}.Release|x86.ActiveCfg = Release|Any CPU
		{AA589531-A5E5-4953-ABA8-1E023695333D}.Release|x86.Build.0 = Release|Any CPU
		{A2244DCB-39D0-4832-92C5-C2933475A2CA}.Debug|Any CPU.ActiveCfg = Debug|Any CPU
		{A2244DCB-39D0-4832-92C5-C2933475A2CA}.Debug|Any CPU.Build.0 = Debug|Any CPU
		{A2244DCB-39D0-4832-92C5-C2933475A2CA}.Debug|Mixed Platforms.ActiveCfg = Debug|Any CPU
		{A2244DCB-39D0-4832-92C5-C2933475A2CA}.Debug|Mixed Platforms.Build.0 = Debug|Any CPU
		{A2244DCB-39D0-4832-92C5-C2933475A2CA}.Debug|x86.ActiveCfg = Debug|Any CPU
		{A2244DCB-39D0-4832-92C5-C2933475A2CA}.Debug|x86.Build.0 = Debug|Any CPU
		{A2244DCB-39D0-4832-92C5-C2933475A2CA}.Release|Any CPU.ActiveCfg = Release|Any CPU
		{A2244DCB-39D0-4832-92C5-C2933475A2CA}.Release|Any CPU.Build.0 = Release|Any CPU
		{A2244DCB-39D0-4832-92C5-C2933475A2CA}.Release|Mixed Platforms.ActiveCfg = Release|Any CPU
		{A2244DCB-39D0-4832-92C5-C2933475A2CA}.Release|Mixed Platforms.Build.0 = Release|Any CPU
		{A2244DCB-39D0-4832-92C5-C2933475A2CA}.Release|x86.ActiveCfg = Release|Any CPU
		{A2244DCB-39D0-4832-92C5-C2933475A2CA}.Release|x86.Build.0 = Release|Any CPU
	EndGlobalSection
	GlobalSection(SolutionProperties) = preSolution
		HideSolutionNode = FALSE
	EndGlobalSection
	GlobalSection(TestCaseManagementSettings) = postSolution
		CategoryFile = AMG.vsmdi
	EndGlobalSection
EndGlobal
